
Microsoft Visual Studio Solution File, Format Version 12.00
# Visual Studio Version 17
VisualStudioVersion = 17.9.34728.123
MinimumVisualStudioVersion = 10.0.40219.1
Project("{9A19103F-16F7-4668-BE54-9A1E7A4F7556}") = "air-object-movements-net-core", "air-object-movements-net-core.csproj", "{EBCB8D95-B368-4334-BC59-FF2B102B5310}"
EndProject
Global
	GlobalSection(SolutionConfigurationPlatforms) = preSolution
		Debug|Any CPU = Debug|Any CPU
		Release|Any CPU = Release|Any CPU
	EndGlobalSection
	GlobalSection(ProjectConfigurationPlatforms) = postSolution
		{EBCB8D95-B368-4334-BC59-FF2B102B5310}.Debug|Any CPU.ActiveCfg = Debug|Any CPU
		{EBCB8D95-B368-4334-BC59-FF2B102B5310}.Debug|Any CPU.Build.0 = Debug|Any CPU
		{EBCB8D95-B368-4334-BC59-FF2B102B5310}.Release|Any CPU.ActiveCfg = Release|Any CPU
		{EBCB8D95-B368-4334-BC59-FF2B102B5310}.Release|Any CPU.Build.0 = Release|Any CPU
	EndGlobalSection
	GlobalSection(SolutionProperties) = preSolution
		HideSolutionNode = FALSE
	EndGlobalSection
	GlobalSection(ExtensibilityGlobals) = postSolution
		SolutionGuid = {1E6C5726-4CC6-4408-BF90-5AC3F420B86D}
	EndGlobalSection
EndGlobal
